// !$*UTF8*$!
{
	archiveVersion = 1;
	classes = {
	};
	objectVersion = 46;
	objects = {

/* Begin PBXBuildFile section */
		032F01111CCF3E490096FA31 /* FMDatabase.m in Sources */ = {isa = PBXBuildFile; fileRef = 032F01081CCF3E490096FA31 /* FMDatabase.m */; };
		032F01121CCF3E490096FA31 /* FMDatabaseAdditions.m in Sources */ = {isa = PBXBuildFile; fileRef = 032F010A1CCF3E490096FA31 /* FMDatabaseAdditions.m */; };
		032F01131CCF3E490096FA31 /* FMDatabasePool.m in Sources */ = {isa = PBXBuildFile; fileRef = 032F010C1CCF3E490096FA31 /* FMDatabasePool.m */; };
		032F01141CCF3E490096FA31 /* FMDatabaseQueue.m in Sources */ = {isa = PBXBuildFile; fileRef = 032F010E1CCF3E490096FA31 /* FMDatabaseQueue.m */; };
		032F01151CCF3E490096FA31 /* FMResultSet.m in Sources */ = {isa = PBXBuildFile; fileRef = 032F01101CCF3E490096FA31 /* FMResultSet.m */; };
		032F01171CCF3F0E0096FA31 /* libsqlite3.tbd in Frameworks */ = {isa = PBXBuildFile; fileRef = 032F01161CCF3F0E0096FA31 /* libsqlite3.tbd */; };
		032F011A1CCF4EBE0096FA31 /* FYHModel.m in Sources */ = {isa = PBXBuildFile; fileRef = 032F01191CCF4EBE0096FA31 /* FYHModel.m */; };
		03FE72831CCDA89A00F6AEC6 /* main.m in Sources */ = {isa = PBXBuildFile; fileRef = 03FE72821CCDA89A00F6AEC6 /* main.m */; };
		03FE72861CCDA89A00F6AEC6 /* AppDelegate.m in Sources */ = {isa = PBXBuildFile; fileRef = 03FE72851CCDA89A00F6AEC6 /* AppDelegate.m */; };
		03FE728E1CCDA89A00F6AEC6 /* Assets.xcassets in Resources */ = {isa = PBXBuildFile; fileRef = 03FE728D1CCDA89A00F6AEC6 /* Assets.xcassets */; };
		03FE72911CCDA89A00F6AEC6 /* LaunchScreen.storyboard in Resources */ = {isa = PBXBuildFile; fileRef = 03FE728F1CCDA89A00F6AEC6 /* LaunchScreen.storyboard */; };
		03FE729C1CCDA89A00F6AEC6 /* FYHStoredDataTests.m in Sources */ = {isa = PBXBuildFile; fileRef = 03FE729B1CCDA89A00F6AEC6 /* FYHStoredDataTests.m */; };
		03FE72A71CCDA89A00F6AEC6 /* FYHStoredDataUITests.m in Sources */ = {isa = PBXBuildFile; fileRef = 03FE72A61CCDA89A00F6AEC6 /* FYHStoredDataUITests.m */; };
		03FE72B61CCDAA2B00F6AEC6 /* FYHBaseVC.m in Sources */ = {isa = PBXBuildFile; fileRef = 03FE72B51CCDAA2B00F6AEC6 /* FYHBaseVC.m */; };
		03FE72BE1CCDB1AE00F6AEC6 /* FYHAnalysisVC.m in Sources */ = {isa = PBXBuildFile; fileRef = 03FE72BD1CCDB1AE00F6AEC6 /* FYHAnalysisVC.m */; };
		03FE72C11CCDB1D500F6AEC6 /* FYHPlistVC.m in Sources */ = {isa = PBXBuildFile; fileRef = 03FE72C01CCDB1D500F6AEC6 /* FYHPlistVC.m */; };
		03FE72C41CCDBFDC00F6AEC6 /* FYHObjFileVC.m in Sources */ = {isa = PBXBuildFile; fileRef = 03FE72C31CCDBFDC00F6AEC6 /* FYHObjFileVC.m */; };
		03FE72C71CCDC56800F6AEC6 /* Person.m in Sources */ = {isa = PBXBuildFile; fileRef = 03FE72C61CCDC56800F6AEC6 /* Person.m */; };
		03FE72CD1CCDF3CF00F6AEC6 /* 1.jpg in Resources */ = {isa = PBXBuildFile; fileRef = 03FE72C91CCDF3CF00F6AEC6 /* 1.jpg */; };
		03FE72CE1CCDF3CF00F6AEC6 /* 2.jpg in Resources */ = {isa = PBXBuildFile; fileRef = 03FE72CA1CCDF3CF00F6AEC6 /* 2.jpg */; };
		03FE72CF1CCDF3CF00F6AEC6 /* 3.jpg in Resources */ = {isa = PBXBuildFile; fileRef = 03FE72CB1CCDF3CF00F6AEC6 /* 3.jpg */; };
		03FE72D01CCDF3CF00F6AEC6 /* 4.jpg in Resources */ = {isa = PBXBuildFile; fileRef = 03FE72CC1CCDF3CF00F6AEC6 /* 4.jpg */; };
		03FE72D31CCDFD3100F6AEC6 /* FYHPreferenceSetVC.m in Sources */ = {isa = PBXBuildFile; fileRef = 03FE72D21CCDFD3100F6AEC6 /* FYHPreferenceSetVC.m */; };
		03FE72D61CCE164800F6AEC6 /* FYHFMDBVC.m in Sources */ = {isa = PBXBuildFile; fileRef = 03FE72D51CCE164800F6AEC6 /* FYHFMDBVC.m */; };
		03FE72D91CCE167100F6AEC6 /* FYHFMDB.m in Sources */ = {isa = PBXBuildFile; fileRef = 03FE72D81CCE167100F6AEC6 /* FYHFMDB.m */; };
/* End PBXBuildFile section */

/* Begin PBXContainerItemProxy section */
		03FE72981CCDA89A00F6AEC6 /* PBXContainerItemProxy */ = {
			isa = PBXContainerItemProxy;
			containerPortal = 03FE72761CCDA89A00F6AEC6 /* Project object */;
			proxyType = 1;
			remoteGlobalIDString = 03FE727D1CCDA89A00F6AEC6;
			remoteInfo = FYHStoredData;
		};
		03FE72A31CCDA89A00F6AEC6 /* PBXContainerItemProxy */ = {
			isa = PBXContainerItemProxy;
			containerPortal = 03FE72761CCDA89A00F6AEC6 /* Project object */;
			proxyType = 1;
			remoteGlobalIDString = 03FE727D1CCDA89A00F6AEC6;
			remoteInfo = FYHStoredData;
		};
/* End PBXContainerItemProxy section */

/* Begin PBXFileReference section */
		032F01071CCF3E490096FA31 /* FMDatabase.h */ = {isa = PBXFileReference; fileEncoding = 4; lastKnownFileType = sourcecode.c.h; path = FMDatabase.h; sourceTree = "<group>"; };
		032F01081CCF3E490096FA31 /* FMDatabase.m */ = {isa = PBXFileReference; fileEncoding = 4; lastKnownFileType = sourcecode.c.objc; path = FMDatabase.m; sourceTree = "<group>"; };
		032F01091CCF3E490096FA31 /* FMDatabaseAdditions.h */ = {isa = PBXFileReference; fileEncoding = 4; lastKnownFileType = sourcecode.c.h; path = FMDatabaseAdditions.h; sourceTree = "<group>"; };
		032F010A1CCF3E490096FA31 /* FMDatabaseAdditions.m */ = {isa = PBXFileReference; fileEncoding = 4; lastKnownFileType = sourcecode.c.objc; path = FMDatabaseAdditions.m; sourceTree = "<group>"; };
		032F010B1CCF3E490096FA31 /* FMDatabasePool.h */ = {isa = PBXFileReference; fileEncoding = 4; lastKnownFileType = sourcecode.c.h; path = FMDatabasePool.h; sourceTree = "<group>"; };
		032F010C1CCF3E490096FA31 /* FMDatabasePool.m */ = {isa = PBXFileReference; fileEncoding = 4; lastKnownFileType = sourcecode.c.objc; path = FMDatabasePool.m; sourceTree = "<group>"; };
		032F010D1CCF3E490096FA31 /* FMDatabaseQueue.h */ = {isa = PBXFileReference; fileEncoding = 4; lastKnownFileType = sourcecode.c.h; path = FMDatabaseQueue.h; sourceTree = "<group>"; };
		032F010E1CCF3E490096FA31 /* FMDatabaseQueue.m */ = {isa = PBXFileReference; fileEncoding = 4; lastKnownFileType = sourcecode.c.objc; path = FMDatabaseQueue.m; sourceTree = "<group>"; };
		032F010F1CCF3E490096FA31 /* FMResultSet.h */ = {isa = PBXFileReference; fileEncoding = 4; lastKnownFileType = sourcecode.c.h; path = FMResultSet.h; sourceTree = "<group>"; };
		032F01101CCF3E490096FA31 /* FMResultSet.m */ = {isa = PBXFileReference; fileEncoding = 4; lastKnownFileType = sourcecode.c.objc; path = FMResultSet.m; sourceTree = "<group>"; };
		032F01161CCF3F0E0096FA31 /* libsqlite3.tbd */ = {isa = PBXFileReference; lastKnownFileType = "sourcecode.text-based-dylib-definition"; name = libsqlite3.tbd; path = usr/lib/libsqlite3.tbd; sourceTree = SDKROOT; };
		032F01181CCF4EBE0096FA31 /* FYHModel.h */ = {isa = PBXFileReference; fileEncoding = 4; lastKnownFileType = sourcecode.c.h; path = FYHModel.h; sourceTree = "<group>"; };
		032F01191CCF4EBE0096FA31 /* FYHModel.m */ = {isa = PBXFileReference; fileEncoding = 4; lastKnownFileType = sourcecode.c.objc; path = FYHModel.m; sourceTree = "<group>"; };
		03FE727E1CCDA89A00F6AEC6 /* FYHStoredData.app */ = {isa = PBXFileReference; explicitFileType = wrapper.application; includeInIndex = 0; path = FYHStoredData.app; sourceTree = BUILT_PRODUCTS_DIR; };
		03FE72821CCDA89A00F6AEC6 /* main.m */ = {isa = PBXFileReference; lastKnownFileType = sourcecode.c.objc; path = main.m; sourceTree = "<group>"; };
		03FE72841CCDA89A00F6AEC6 /* AppDelegate.h */ = {isa = PBXFileReference; lastKnownFileType = sourcecode.c.h; path = AppDelegate.h; sourceTree = "<group>"; };
		03FE72851CCDA89A00F6AEC6 /* AppDelegate.m */ = {isa = PBXFileReference; lastKnownFileType = sourcecode.c.objc; path = AppDelegate.m; sourceTree = "<group>"; };
		03FE728D1CCDA89A00F6AEC6 /* Assets.xcassets */ = {isa = PBXFileReference; lastKnownFileType = folder.assetcatalog; path = Assets.xcassets; sourceTree = "<group>"; };
		03FE72901CCDA89A00F6AEC6 /* Base */ = {isa = PBXFileReference; lastKnownFileType = file.storyboard; name = Base; path = Base.lproj/LaunchScreen.storyboard; sourceTree = "<group>"; };
		03FE72921CCDA89A00F6AEC6 /* Info.plist */ = {isa = PBXFileReference; lastKnownFileType = text.plist.xml; path = Info.plist; sourceTree = "<group>"; };
		03FE72971CCDA89A00F6AEC6 /* FYHStoredDataTests.xctest */ = {isa = PBXFileReference; explicitFileType = wrapper.cfbundle; includeInIndex = 0; path = FYHStoredDataTests.xctest; sourceTree = BUILT_PRODUCTS_DIR; };
		03FE729B1CCDA89A00F6AEC6 /* FYHStoredDataTests.m */ = {isa = PBXFileReference; lastKnownFileType = sourcecode.c.objc; path = FYHStoredDataTests.m; sourceTree = "<group>"; };
		03FE729D1CCDA89A00F6AEC6 /* Info.plist */ = {isa = PBXFileReference; lastKnownFileType = text.plist.xml; path = Info.plist; sourceTree = "<group>"; };
		03FE72A21CCDA89A00F6AEC6 /* FYHStoredDataUITests.xctest */ = {isa = PBXFileReference; explicitFileType = wrapper.cfbundle; includeInIndex = 0; path = FYHStoredDataUITests.xctest; sourceTree = BUILT_PRODUCTS_DIR; };
		03FE72A61CCDA89A00F6AEC6 /* FYHStoredDataUITests.m */ = {isa = PBXFileReference; lastKnownFileType = sourcecode.c.objc; path = FYHStoredDataUITests.m; sourceTree = "<group>"; };
		03FE72A81CCDA89A00F6AEC6 /* Info.plist */ = {isa = PBXFileReference; lastKnownFileType = text.plist.xml; path = Info.plist; sourceTree = "<group>"; };
		03FE72B41CCDAA2B00F6AEC6 /* FYHBaseVC.h */ = {isa = PBXFileReference; fileEncoding = 4; lastKnownFileType = sourcecode.c.h; path = FYHBaseVC.h; sourceTree = "<group>"; };
		03FE72B51CCDAA2B00F6AEC6 /* FYHBaseVC.m */ = {isa = PBXFileReference; fileEncoding = 4; lastKnownFileType = sourcecode.c.objc; path = FYHBaseVC.m; sourceTree = "<group>"; };
		03FE72BC1CCDB1AE00F6AEC6 /* FYHAnalysisVC.h */ = {isa = PBXFileReference; fileEncoding = 4; lastKnownFileType = sourcecode.c.h; name = FYHAnalysisVC.h; path = StoredDatas/FYHAnalysisVC.h; sourceTree = "<group>"; };
		03FE72BD1CCDB1AE00F6AEC6 /* FYHAnalysisVC.m */ = {isa = PBXFileReference; fileEncoding = 4; lastKnownFileType = sourcecode.c.objc; name = FYHAnalysisVC.m; path = StoredDatas/FYHAnalysisVC.m; sourceTree = "<group>"; };
		03FE72BF1CCDB1D500F6AEC6 /* FYHPlistVC.h */ = {isa = PBXFileReference; fileEncoding = 4; lastKnownFileType = sourcecode.c.h; name = FYHPlistVC.h; path = StoredDatas/FYHPlistVC.h; sourceTree = "<group>"; };
		03FE72C01CCDB1D500F6AEC6 /* FYHPlistVC.m */ = {isa = PBXFileReference; fileEncoding = 4; lastKnownFileType = sourcecode.c.objc; name = FYHPlistVC.m; path = StoredDatas/FYHPlistVC.m; sourceTree = "<group>"; };
		03FE72C21CCDBFDC00F6AEC6 /* FYHObjFileVC.h */ = {isa = PBXFileReference; fileEncoding = 4; lastKnownFileType = sourcecode.c.h; name = FYHObjFileVC.h; path = StoredDatas/FYHObjFileVC.h; sourceTree = "<group>"; };
		03FE72C31CCDBFDC00F6AEC6 /* FYHObjFileVC.m */ = {isa = PBXFileReference; fileEncoding = 4; lastKnownFileType = sourcecode.c.objc; name = FYHObjFileVC.m; path = StoredDatas/FYHObjFileVC.m; sourceTree = "<group>"; };
		03FE72C51CCDC56800F6AEC6 /* Person.h */ = {isa = PBXFileReference; fileEncoding = 4; lastKnownFileType = sourcecode.c.h; name = Person.h; path = StoredDatas/Person.h; sourceTree = "<group>"; };
		03FE72C61CCDC56800F6AEC6 /* Person.m */ = {isa = PBXFileReference; fileEncoding = 4; lastKnownFileType = sourcecode.c.objc; name = Person.m; path = StoredDatas/Person.m; sourceTree = "<group>"; };
		03FE72C91CCDF3CF00F6AEC6 /* 1.jpg */ = {isa = PBXFileReference; lastKnownFileType = image.jpeg; name = 1.jpg; path = Resources/1.jpg; sourceTree = "<group>"; };
		03FE72CA1CCDF3CF00F6AEC6 /* 2.jpg */ = {isa = PBXFileReference; lastKnownFileType = image.jpeg; name = 2.jpg; path = Resources/2.jpg; sourceTree = "<group>"; };
		03FE72CB1CCDF3CF00F6AEC6 /* 3.jpg */ = {isa = PBXFileReference; lastKnownFileType = image.jpeg; name = 3.jpg; path = Resources/3.jpg; sourceTree = "<group>"; };
		03FE72CC1CCDF3CF00F6AEC6 /* 4.jpg */ = {isa = PBXFileReference; lastKnownFileType = image.jpeg; name = 4.jpg; path = Resources/4.jpg; sourceTree = "<group>"; };
		03FE72D11CCDFD3100F6AEC6 /* FYHPreferenceSetVC.h */ = {isa = PBXFileReference; fileEncoding = 4; lastKnownFileType = sourcecode.c.h; name = FYHPreferenceSetVC.h; path = StoredDatas/FYHPreferenceSetVC.h; sourceTree = "<group>"; };
		03FE72D21CCDFD3100F6AEC6 /* FYHPreferenceSetVC.m */ = {isa = PBXFileReference; fileEncoding = 4; lastKnownFileType = sourcecode.c.objc; name = FYHPreferenceSetVC.m; path = StoredDatas/FYHPreferenceSetVC.m; sourceTree = "<group>"; };
		03FE72D41CCE164800F6AEC6 /* FYHFMDBVC.h */ = {isa = PBXFileReference; fileEncoding = 4; lastKnownFileType = sourcecode.c.h; name = FYHFMDBVC.h; path = StoredDatas/FYHFMDBVC.h; sourceTree = "<group>"; };
		03FE72D51CCE164800F6AEC6 /* FYHFMDBVC.m */ = {isa = PBXFileReference; fileEncoding = 4; lastKnownFileType = sourcecode.c.objc; name = FYHFMDBVC.m; path = StoredDatas/FYHFMDBVC.m; sourceTree = "<group>"; };
		03FE72D71CCE167100F6AEC6 /* FYHFMDB.h */ = {isa = PBXFileReference; fileEncoding = 4; lastKnownFileType = sourcecode.c.h; name = FYHFMDB.h; path = StoredDatas/FYHFMDB.h; sourceTree = "<group>"; };
		03FE72D81CCE167100F6AEC6 /* FYHFMDB.m */ = {isa = PBXFileReference; fileEncoding = 4; lastKnownFileType = sourcecode.c.objc; name = FYHFMDB.m; path = StoredDatas/FYHFMDB.m; sourceTree = "<group>"; };
/* End PBXFileReference section */

/* Begin PBXFrameworksBuildPhase section */
		03FE727B1CCDA89A00F6AEC6 /* Frameworks */ = {
			isa = PBXFrameworksBuildPhase;
			buildActionMask = 2147483647;
			files = (
				032F01171CCF3F0E0096FA31 /* libsqlite3.tbd in Frameworks */,
			);
			runOnlyForDeploymentPostprocessing = 0;
		};
		03FE72941CCDA89A00F6AEC6 /* Frameworks */ = {
			isa = PBXFrameworksBuildPhase;
			buildActionMask = 2147483647;
			files = (
			);
			runOnlyForDeploymentPostprocessing = 0;
		};
		03FE729F1CCDA89A00F6AEC6 /* Frameworks */ = {
			isa = PBXFrameworksBuildPhase;
			buildActionMask = 2147483647;
			files = (
			);
			runOnlyForDeploymentPostprocessing = 0;
		};
/* End PBXFrameworksBuildPhase section */

/* Begin PBXGroup section */
		03FE72751CCDA89A00F6AEC6 = {
			isa = PBXGroup;
			children = (
				03FE72801CCDA89A00F6AEC6 /* FYHStoredData */,
				03FE729A1CCDA89A00F6AEC6 /* FYHStoredDataTests */,
				03FE72A51CCDA89A00F6AEC6 /* FYHStoredDataUITests */,
				03FE727F1CCDA89A00F6AEC6 /* Products */,
			);
			sourceTree = "<group>";
		};
		03FE727F1CCDA89A00F6AEC6 /* Products */ = {
			isa = PBXGroup;
			children = (
				03FE727E1CCDA89A00F6AEC6 /* FYHStoredData.app */,
				03FE72971CCDA89A00F6AEC6 /* FYHStoredDataTests.xctest */,
				03FE72A21CCDA89A00F6AEC6 /* FYHStoredDataUITests.xctest */,
			);
			name = Products;
			sourceTree = "<group>";
		};
		03FE72801CCDA89A00F6AEC6 /* FYHStoredData */ = {
			isa = PBXGroup;
			children = (
				03FE72DA1CCE1D5A00F6AEC6 /* FMDB */,
				03FE72C81CCDF39800F6AEC6 /* Resources */,
				03FE72B71CCDAA5700F6AEC6 /* StoredDatas */,
				03FE72B81CCDAA6A00F6AEC6 /* Base */,
				03FE728D1CCDA89A00F6AEC6 /* Assets.xcassets */,
				03FE728F1CCDA89A00F6AEC6 /* LaunchScreen.storyboard */,
				03FE72921CCDA89A00F6AEC6 /* Info.plist */,
				03FE72811CCDA89A00F6AEC6 /* Supporting Files */,
			);
			path = FYHStoredData;
			sourceTree = "<group>";
		};
		03FE72811CCDA89A00F6AEC6 /* Supporting Files */ = {
			isa = PBXGroup;
			children = (
				03FE72821CCDA89A00F6AEC6 /* main.m */,
			);
			name = "Supporting Files";
			sourceTree = "<group>";
		};
		03FE729A1CCDA89A00F6AEC6 /* FYHStoredDataTests */ = {
			isa = PBXGroup;
			children = (
				03FE729B1CCDA89A00F6AEC6 /* FYHStoredDataTests.m */,
				03FE729D1CCDA89A00F6AEC6 /* Info.plist */,
			);
			path = FYHStoredDataTests;
			sourceTree = "<group>";
		};
		03FE72A51CCDA89A00F6AEC6 /* FYHStoredDataUITests */ = {
			isa = PBXGroup;
			children = (
				03FE72A61CCDA89A00F6AEC6 /* FYHStoredDataUITests.m */,
				03FE72A81CCDA89A00F6AEC6 /* Info.plist */,
			);
			path = FYHStoredDataUITests;
			sourceTree = "<group>";
		};
		03FE72B71CCDAA5700F6AEC6 /* StoredDatas */ = {
			isa = PBXGroup;
			children = (
				03FE72BF1CCDB1D500F6AEC6 /* FYHPlistVC.h */,
				03FE72C01CCDB1D500F6AEC6 /* FYHPlistVC.m */,
				03FE72BC1CCDB1AE00F6AEC6 /* FYHAnalysisVC.h */,
				03FE72BD1CCDB1AE00F6AEC6 /* FYHAnalysisVC.m */,
				03FE72C21CCDBFDC00F6AEC6 /* FYHObjFileVC.h */,
				03FE72C31CCDBFDC00F6AEC6 /* FYHObjFileVC.m */,
				03FE72C51CCDC56800F6AEC6 /* Person.h */,
				03FE72C61CCDC56800F6AEC6 /* Person.m */,
				03FE72D11CCDFD3100F6AEC6 /* FYHPreferenceSetVC.h */,
				03FE72D21CCDFD3100F6AEC6 /* FYHPreferenceSetVC.m */,
				03FE72D41CCE164800F6AEC6 /* FYHFMDBVC.h */,
				03FE72D51CCE164800F6AEC6 /* FYHFMDBVC.m */,
				03FE72D71CCE167100F6AEC6 /* FYHFMDB.h */,
				03FE72D81CCE167100F6AEC6 /* FYHFMDB.m */,
				032F01181CCF4EBE0096FA31 /* FYHModel.h */,
				032F01191CCF4EBE0096FA31 /* FYHModel.m */,
			);
			name = StoredDatas;
			sourceTree = "<group>";
		};
		03FE72B81CCDAA6A00F6AEC6 /* Base */ = {
			isa = PBXGroup;
			children = (
				03FE72841CCDA89A00F6AEC6 /* AppDelegate.h */,
				03FE72851CCDA89A00F6AEC6 /* AppDelegate.m */,
				03FE72B41CCDAA2B00F6AEC6 /* FYHBaseVC.h */,
				03FE72B51CCDAA2B00F6AEC6 /* FYHBaseVC.m */,
			);
			name = Base;
			sourceTree = "<group>";
		};
		03FE72C81CCDF39800F6AEC6 /* Resources */ = {
			isa = PBXGroup;
			children = (
				03FE72C91CCDF3CF00F6AEC6 /* 1.jpg */,
				03FE72CA1CCDF3CF00F6AEC6 /* 2.jpg */,
				03FE72CB1CCDF3CF00F6AEC6 /* 3.jpg */,
				03FE72CC1CCDF3CF00F6AEC6 /* 4.jpg */,
			);
			name = Resources;
			sourceTree = "<group>";
		};
		03FE72DA1CCE1D5A00F6AEC6 /* FMDB */ = {
			isa = PBXGroup;
			children = (
				032F01161CCF3F0E0096FA31 /* libsqlite3.tbd */,
				032F01071CCF3E490096FA31 /* FMDatabase.h */,
				032F01081CCF3E490096FA31 /* FMDatabase.m */,
				032F01091CCF3E490096FA31 /* FMDatabaseAdditions.h */,
				032F010A1CCF3E490096FA31 /* FMDatabaseAdditions.m */,
				032F010B1CCF3E490096FA31 /* FMDatabasePool.h */,
				032F010C1CCF3E490096FA31 /* FMDatabasePool.m */,
				032F010D1CCF3E490096FA31 /* FMDatabaseQueue.h */,
				032F010E1CCF3E490096FA31 /* FMDatabaseQueue.m */,
				032F010F1CCF3E490096FA31 /* FMResultSet.h */,
				032F01101CCF3E490096FA31 /* FMResultSet.m */,
			);
			path = FMDB;
			sourceTree = "<group>";
		};
/* End PBXGroup section */

/* Begin PBXNativeTarget section */
		03FE727D1CCDA89A00F6AEC6 /* FYHStoredData */ = {
			isa = PBXNativeTarget;
			buildConfigurationList = 03FE72AB1CCDA89A00F6AEC6 /* Build configuration list for PBXNativeTarget "FYHStoredData" */;
			buildPhases = (
				03FE727A1CCDA89A00F6AEC6 /* Sources */,
				03FE727B1CCDA89A00F6AEC6 /* Frameworks */,
				03FE727C1CCDA89A00F6AEC6 /* Resources */,
			);
			buildRules = (
			);
			dependencies = (
			);
			name = FYHStoredData;
			productName = FYHStoredData;
			productReference = 03FE727E1CCDA89A00F6AEC6 /* FYHStoredData.app */;
			productType = "com.apple.product-type.application";
		};
		03FE72961CCDA89A00F6AEC6 /* FYHStoredDataTests */ = {
			isa = PBXNativeTarget;
			buildConfigurationList = 03FE72AE1CCDA89A00F6AEC6 /* Build configuration list for PBXNativeTarget "FYHStoredDataTests" */;
			buildPhases = (
				03FE72931CCDA89A00F6AEC6 /* Sources */,
				03FE72941CCDA89A00F6AEC6 /* Frameworks */,
				03FE72951CCDA89A00F6AEC6 /* Resources */,
			);
			buildRules = (
			);
			dependencies = (
				03FE72991CCDA89A00F6AEC6 /* PBXTargetDependency */,
			);
			name = FYHStoredDataTests;
			productName = FYHStoredDataTests;
			productReference = 03FE72971CCDA89A00F6AEC6 /* FYHStoredDataTests.xctest */;
			productType = "com.apple.product-type.bundle.unit-test";
		};
		03FE72A11CCDA89A00F6AEC6 /* FYHStoredDataUITests */ = {
			isa = PBXNativeTarget;
			buildConfigurationList = 03FE72B11CCDA89A00F6AEC6 /* Build configuration list for PBXNativeTarget "FYHStoredDataUITests" */;
			buildPhases = (
				03FE729E1CCDA89A00F6AEC6 /* Sources */,
				03FE729F1CCDA89A00F6AEC6 /* Frameworks */,
				03FE72A01CCDA89A00F6AEC6 /* Resources */,
			);
			buildRules = (
			);
			dependencies = (
				03FE72A41CCDA89A00F6AEC6 /* PBXTargetDependency */,
			);
			name = FYHStoredDataUITests;
			productName = FYHStoredDataUITests;
			productReference = 03FE72A21CCDA89A00F6AEC6 /* FYHStoredDataUITests.xctest */;
			productType = "com.apple.product-type.bundle.ui-testing";
		};
/* End PBXNativeTarget section */

/* Begin PBXProject section */
		03FE72761CCDA89A00F6AEC6 /* Project object */ = {
			isa = PBXProject;
			attributes = {
				LastUpgradeCheck = 0720;
				ORGANIZATIONNAME = FYH;
				TargetAttributes = {
					03FE727D1CCDA89A00F6AEC6 = {
						CreatedOnToolsVersion = 7.2;
					};
					03FE72961CCDA89A00F6AEC6 = {
						CreatedOnToolsVersion = 7.2;
						TestTargetID = 03FE727D1CCDA89A00F6AEC6;
					};
					03FE72A11CCDA89A00F6AEC6 = {
						CreatedOnToolsVersion = 7.2;
						TestTargetID = 03FE727D1CCDA89A00F6AEC6;
					};
				};
			};
			buildConfigurationList = 03FE72791CCDA89A00F6AEC6 /* Build configuration list for PBXProject "FYHStoredData" */;
			compatibilityVersion = "Xcode 3.2";
			developmentRegion = English;
			hasScannedForEncodings = 0;
			knownRegions = (
				en,
				Base,
			);
			mainGroup = 03FE72751CCDA89A00F6AEC6;
			productRefGroup = 03FE727F1CCDA89A00F6AEC6 /* Products */;
			projectDirPath = "";
			projectRoot = "";
			targets = (
				03FE727D1CCDA89A00F6AEC6 /* FYHStoredData */,
				03FE72961CCDA89A00F6AEC6 /* FYHStoredDataTests */,
				03FE72A11CCDA89A00F6AEC6 /* FYHStoredDataUITests */,
			);
		};
/* End PBXProject section */

/* Begin PBXResourcesBuildPhase section */
		03FE727C1CCDA89A00F6AEC6 /* Resources */ = {
			isa = PBXResourcesBuildPhase;
			buildActionMask = 2147483647;
			files = (
				03FE72D01CCDF3CF00F6AEC6 /* 4.jpg in Resources */,
				03FE72CF1CCDF3CF00F6AEC6 /* 3.jpg in Resources */,
				03FE72CD1CCDF3CF00F6AEC6 /* 1.jpg in Resources */,
				03FE72911CCDA89A00F6AEC6 /* LaunchScreen.storyboard in Resources */,
				03FE72CE1CCDF3CF00F6AEC6 /* 2.jpg in Resources */,
				03FE728E1CCDA89A00F6AEC6 /* Assets.xcassets in Resources */,
			);
			runOnlyForDeploymentPostprocessing = 0;
		};
		03FE72951CCDA89A00F6AEC6 /* Resources */ = {
			isa = PBXResourcesBuildPhase;
			buildActionMask = 2147483647;
			files = (
			);
			runOnlyForDeploymentPostprocessing = 0;
		};
		03FE72A01CCDA89A00F6AEC6 /* Resources */ = {
			isa = PBXResourcesBuildPhase;
			buildActionMask = 2147483647;
			files = (
			);
			runOnlyForDeploymentPostprocessing = 0;
		};
/* End PBXResourcesBuildPhase section */

/* Begin PBXSourcesBuildPhase section */
		03FE727A1CCDA89A00F6AEC6 /* Sources */ = {
			isa = PBXSourcesBuildPhase;
			buildActionMask = 2147483647;
			files = (
				03FE72B61CCDAA2B00F6AEC6 /* FYHBaseVC.m in Sources */,
				03FE72861CCDA89A00F6AEC6 /* AppDelegate.m in Sources */,
				032F01131CCF3E490096FA31 /* FMDatabasePool.m in Sources */,
				032F01141CCF3E490096FA31 /* FMDatabaseQueue.m in Sources */,
				03FE72D31CCDFD3100F6AEC6 /* FYHPreferenceSetVC.m in Sources */,
				03FE72C71CCDC56800F6AEC6 /* Person.m in Sources */,
				03FE72D91CCE167100F6AEC6 /* FYHFMDB.m in Sources */,
				03FE72C41CCDBFDC00F6AEC6 /* FYHObjFileVC.m in Sources */,
				03FE72C11CCDB1D500F6AEC6 /* FYHPlistVC.m in Sources */,
				032F01151CCF3E490096FA31 /* FMResultSet.m in Sources */,
				03FE72D61CCE164800F6AEC6 /* FYHFMDBVC.m in Sources */,
				03FE72831CCDA89A00F6AEC6 /* main.m in Sources */,
				032F01111CCF3E490096FA31 /* FMDatabase.m in Sources */,
				032F011A1CCF4EBE0096FA31 /* FYHModel.m in Sources */,
				03FE72BE1CCDB1AE00F6AEC6 /* FYHAnalysisVC.m in Sources */,
				032F01121CCF3E490096FA31 /* FMDatabaseAdditions.m in Sources */,
			);
			runOnlyForDeploymentPostprocessing = 0;
		};
		03FE72931CCDA89A00F6AEC6 /* Sources */ = {
			isa = PBXSourcesBuildPhase;
			buildActionMask = 2147483647;
			files = (
				03FE729C1CCDA89A00F6AEC6 /* FYHStoredDataTests.m in Sources */,
			);
			runOnlyForDeploymentPostprocessing = 0;
		};
		03FE729E1CCDA89A00F6AEC6 /* Sources */ = {
			isa = PBXSourcesBuildPhase;
			buildActionMask = 2147483647;
			files = (
				03FE72A71CCDA89A00F6AEC6 /* FYHStoredDataUITests.m in Sources */,
			);
			runOnlyForDeploymentPostprocessing = 0;
		};
/* End PBXSourcesBuildPhase section */

/* Begin PBXTargetDependency section */
		03FE72991CCDA89A00F6AEC6 /* PBXTargetDependency */ = {
			isa = PBXTargetDependency;
			target = 03FE727D1CCDA89A00F6AEC6 /* FYHStoredData */;
			targetProxy = 03FE72981CCDA89A00F6AEC6 /* PBXContainerItemProxy */;
		};
		03FE72A41CCDA89A00F6AEC6 /* PBXTargetDependency */ = {
			isa = PBXTargetDependency;
			target = 03FE727D1CCDA89A00F6AEC6 /* FYHStoredData */;
			targetProxy = 03FE72A31CCDA89A00F6AEC6 /* PBXContainerItemProxy */;
		};
/* End PBXTargetDependency section */

/* Begin PBXVariantGroup section */
		03FE728F1CCDA89A00F6AEC6 /* LaunchScreen.storyboard */ = {
			isa = PBXVariantGroup;
			children = (
				03FE72901CCDA89A00F6AEC6 /* Base */,
			);
			name = LaunchScreen.storyboard;
			sourceTree = "<group>";
		};
/* End PBXVariantGroup section */

/* Begin XCBuildConfiguration section */
		03FE72A91CCDA89A00F6AEC6 /* Debug */ = {
			isa = XCBuildConfiguration;
			buildSettings = {
				ALWAYS_SEARCH_USER_PATHS = NO;
				CLANG_CXX_LANGUAGE_STANDARD = "gnu++0x";
				CLANG_CXX_LIBRARY = "libc++";
				CLANG_ENABLE_MODULES = YES;
				CLANG_ENABLE_OBJC_ARC = YES;
				CLANG_WARN_BOOL_CONVERSION = YES;
				CLANG_WARN_CONSTANT_CONVERSION = YES;
				CLANG_WARN_DIRECT_OBJC_ISA_USAGE = YES_ERROR;
				CLANG_WARN_EMPTY_BODY = YES;
				CLANG_WARN_ENUM_CONVERSION = YES;
				CLANG_WARN_INT_CONVERSION = YES;
				CLANG_WARN_OBJC_ROOT_CLASS = YES_ERROR;
				CLANG_WARN_UNREACHABLE_CODE = YES;
				CLANG_WARN__DUPLICATE_METHOD_MATCH = YES;
				"CODE_SIGN_IDENTITY[sdk=iphoneos*]" = "iPhone Developer";
				COPY_PHASE_STRIP = NO;
				DEBUG_INFORMATION_FORMAT = dwarf;
				ENABLE_STRICT_OBJC_MSGSEND = YES;
				ENABLE_TESTABILITY = YES;
				GCC_C_LANGUAGE_STANDARD = gnu99;
				GCC_DYNAMIC_NO_PIC = NO;
				GCC_NO_COMMON_BLOCKS = YES;
				GCC_OPTIMIZATION_LEVEL = 0;
				GCC_PREPROCESSOR_DEFINITIONS = (
					"DEBUG=1",
					"$(inherited)",
				);
				GCC_WARN_64_TO_32_BIT_CONVERSION = YES;
				GCC_WARN_ABOUT_RETURN_TYPE = YES_ERROR;
				GCC_WARN_UNDECLARED_SELECTOR = YES;
				GCC_WARN_UNINITIALIZED_AUTOS = YES_AGGRESSIVE;
				GCC_WARN_UNUSED_FUNCTION = YES;
				GCC_WARN_UNUSED_VARIABLE = YES;
				IPHONEOS_DEPLOYMENT_TARGET = 9.2;
				MTL_ENABLE_DEBUG_INFO = YES;
				ONLY_ACTIVE_ARCH = YES;
				SDKROOT = iphoneos;
			};
			name = Debug;
		};
		03FE72AA1CCDA89A00F6AEC6 /* Release */ = {
			isa = XCBuildConfiguration;
			buildSettings = {
				ALWAYS_SEARCH_USER_PATHS = NO;
				CLANG_CXX_LANGUAGE_STANDARD = "gnu++0x";
				CLANG_CXX_LIBRARY = "libc++";
				CLANG_ENABLE_MODULES = YES;
				CLANG_ENABLE_OBJC_ARC = YES;
				CLANG_WARN_BOOL_CONVERSION = YES;
				CLANG_WARN_CONSTANT_CONVERSION = YES;
				CLANG_WARN_DIRECT_OBJC_ISA_USAGE = YES_ERROR;
				CLANG_WARN_EMPTY_BODY = YES;
				CLANG_WARN_ENUM_CONVERSION = YES;
				CLANG_WARN_INT_CONVERSION = YES;
				CLANG_WARN_OBJC_ROOT_CLASS = YES_ERROR;
				CLANG_WARN_UNREACHABLE_CODE = YES;
				CLANG_WARN__DUPLICATE_METHOD_MATCH = YES;
				"CODE_SIGN_IDENTITY[sdk=iphoneos*]" = "iPhone Developer";
				COPY_PHASE_STRIP = NO;
				DEBUG_INFORMATION_FORMAT = "dwarf-with-dsym";
				ENABLE_NS_ASSERTIONS = NO;
				ENABLE_STRICT_OBJC_MSGSEND = YES;
				GCC_C_LANGUAGE_STANDARD = gnu99;
				GCC_NO_COMMON_BLOCKS = YES;
				GCC_WARN_64_TO_32_BIT_CONVERSION = YES;
				GCC_WARN_ABOUT_RETURN_TYPE = YES_ERROR;
				GCC_WARN_UNDECLARED_SELECTOR = YES;
				GCC_WARN_UNINITIALIZED_AUTOS = YES_AGGRESSIVE;
				GCC_WARN_UNUSED_FUNCTION = YES;
				GCC_WARN_UNUSED_VARIABLE = YES;
				IPHONEOS_DEPLOYMENT_TARGET = 9.2;
				MTL_ENABLE_DEBUG_INFO = NO;
				SDKROOT = iphoneos;
				VALIDATE_PRODUCT = YES;
			};
			name = Release;
		};
		03FE72AC1CCDA89A00F6AEC6 /* Debug */ = {
			isa = XCBuildConfiguration;
			buildSettings = {
				ASSETCATALOG_COMPILER_APPICON_NAME = AppIcon;
				INFOPLIST_FILE = FYHStoredData/Info.plist;
				IPHONEOS_DEPLOYMENT_TARGET = 7.1;
				LD_RUNPATH_SEARCH_PATHS = "$(inherited) @executable_path/Frameworks";
				PRODUCT_BUNDLE_IDENTIFIER = SPZTeam.FYHStoredData;
				PRODUCT_NAME = "$(TARGET_NAME)";
			};
			name = Debug;
		};
		03FE72AD1CCDA89A00F6AEC6 /* Release */ = {
			isa = XCBuildConfiguration;
			buildSettings = {
				ASSETCATALOG_COMPILER_APPICON_NAME = AppIcon;
				INFOPLIST_FILE = FYHStoredData/Info.plist;
				IPHONEOS_DEPLOYMENT_TARGET = 7.1;
				LD_RUNPATH_SEARCH_PATHS = "$(inherited) @executable_path/Frameworks";
				PRODUCT_BUNDLE_IDENTIFIER = SPZTeam.FYHStoredData;
				PRODUCT_NAME = "$(TARGET_NAME)";
			};
			name = Release;
		};
		03FE72AF1CCDA89A00F6AEC6 /* Debug */ = {
			isa = XCBuildConfiguration;
			buildSettings = {
				BUNDLE_LOADER = "$(TEST_HOST)";
				INFOPLIST_FILE = FYHStoredDataTests/Info.plist;
				LD_RUNPATH_SEARCH_PATHS = "$(inherited) @executable_path/Frameworks @loader_path/Frameworks";
				PRODUCT_BUNDLE_IDENTIFIER = SPZTeam.FYHStoredDataTests;
				PRODUCT_NAME = "$(TARGET_NAME)";
				TEST_HOST = "$(BUILT_PRODUCTS_DIR)/FYHStoredData.app/FYHStoredData";
			};
			name = Debug;
		};
		03FE72B01CCDA89A00F6AEC6 /* Release */ = {
			isa = XCBuildConfiguration;
			buildSettings = {
				BUNDLE_LOADER = "$(TEST_HOST)";
				INFOPLIST_FILE = FYHStoredDataTests/Info.plist;
				LD_RUNPATH_SEARCH_PATHS = "$(inherited) @executable_path/Frameworks @loader_path/Frameworks";
				PRODUCT_BUNDLE_IDENTIFIER = SPZTeam.FYHStoredDataTests;
				PRODUCT_NAME = "$(TARGET_NAME)";
				TEST_HOST = "$(BUILT_PRODUCTS_DIR)/FYHStoredData.app/FYHStoredData";
			};
			name = Release;
		};
		03FE72B21CCDA89A00F6AEC6 /* Debug */ = {
			isa = XCBuildConfiguration;
			buildSettings = {
				INFOPLIST_FILE = FYHStoredDataUITests/Info.plist;
				LD_RUNPATH_SEARCH_PATHS = "$(inherited) @executable_path/Frameworks @loader_path/Frameworks";
				PRODUCT_BUNDLE_IDENTIFIER = SPZTeam.FYHStoredDataUITests;
				PRODUCT_NAME = "$(TARGET_NAME)";
				TEST_TARGET_NAME = FYHStoredData;
				USES_XCTRUNNER = YES;
			};
			name = Debug;
		};
		03FE72B31CCDA89A00F6AEC6 /* Release */ = {
			isa = XCBuildConfiguration;
			buildSettings = {
				INFOPLIST_FILE = FYHStoredDataUITests/Info.plist;
				LD_RUNPATH_SEARCH_PATHS = "$(inherited) @executable_path/Frameworks @loader_path/Frameworks";
				PRODUCT_BUNDLE_IDENTIFIER = SPZTeam.FYHStoredDataUITests;
				PRODUCT_NAME = "$(TARGET_NAME)";
				TEST_TARGET_NAME = FYHStoredData;
				USES_XCTRUNNER = YES;
			};
			name = Release;
		};
/* End XCBuildConfiguration section */

/* Begin XCConfigurationList section */
		03FE72791CCDA89A00F6AEC6 /* Build configuration list for PBXProject "FYHStoredData" */ = {
			isa = XCConfigurationList;
			buildConfigurations = (
				03FE72A91CCDA89A00F6AEC6 /* Debug */,
				03FE72AA1CCDA89A00F6AEC6 /* Release */,
			);
			defaultConfigurationIsVisible = 0;
			defaultConfigurationName = Release;
		};
		03FE72AB1CCDA89A00F6AEC6 /* Build configuration list for PBXNativeTarget "FYHStoredData" */ = {
			isa = XCConfigurationList;
			buildConfigurations = (
				03FE72AC1CCDA89A00F6AEC6 /* Debug */,
				03FE72AD1CCDA89A00F6AEC6 /* Release */,
			);
			defaultConfigurationIsVisible = 0;
			defaultConfigurationName = Release;
		};
		03FE72AE1CCDA89A00F6AEC6 /* Build configuration list for PBXNativeTarget "FYHStoredDataTests" */ = {
			isa = XCConfigurationList;
			buildConfigurations = (
				03FE72AF1CCDA89A00F6AEC6 /* Debug */,
				03FE72B01CCDA89A00F6AEC6 /* Release */,
			);
			defaultConfigurationIsVisible = 0;
			defaultConfigurationName = Release;
		};
		03FE72B11CCDA89A00F6AEC6 /* Build configuration list for PBXNativeTarget "FYHStoredDataUITests" */ = {
			isa = XCConfigurationList;
			buildConfigurations = (
				03FE72B21CCDA89A00F6AEC6 /* Debug */,
				03FE72B31CCDA89A00F6AEC6 /* Release */,
			);
			defaultConfigurationIsVisible = 0;
			defaultConfigurationName = Release;
		};
/* End XCConfigurationList section */
	};
	rootObject = 03FE72761CCDA89A00F6AEC6 /* Project object */;
}
