// !$*UTF8*$!
{
	archiveVersion = 1;
	classes = {
	};
	objectVersion = 50;
	objects = {

/* Begin PBXBuildFile section */
		EDFACF9A22293EDF0059E2C4 /* AppDelegate.m in Sources */ = {isa = PBXBuildFile; fileRef = EDFACF9922293EDF0059E2C4 /* AppDelegate.m */; };
		EDFACF9D22293EDF0059E2C4 /* ViewController.m in Sources */ = {isa = PBXBuildFile; fileRef = EDFACF9C22293EDF0059E2C4 /* ViewController.m */; };
		EDFACFA022293EDF0059E2C4 /* Main.storyboard in Resources */ = {isa = PBXBuildFile; fileRef = EDFACF9E22293EDF0059E2C4 /* Main.storyboard */; };
		EDFACFA322293EDF0059E2C4 /* YHEpubDemo.xcdatamodeld in Sources */ = {isa = PBXBuildFile; fileRef = EDFACFA122293EDF0059E2C4 /* YHEpubDemo.xcdatamodeld */; };
		EDFACFA522293EE00059E2C4 /* Assets.xcassets in Resources */ = {isa = PBXBuildFile; fileRef = EDFACFA422293EE00059E2C4 /* Assets.xcassets */; };
		EDFACFA822293EE10059E2C4 /* LaunchScreen.storyboard in Resources */ = {isa = PBXBuildFile; fileRef = EDFACFA622293EE10059E2C4 /* LaunchScreen.storyboard */; };
		EDFACFAB22293EE10059E2C4 /* main.m in Sources */ = {isa = PBXBuildFile; fileRef = EDFACFAA22293EE10059E2C4 /* main.m */; };
		EDFACFB522293EE10059E2C4 /* YHEpubDemoTests.m in Sources */ = {isa = PBXBuildFile; fileRef = EDFACFB422293EE10059E2C4 /* YHEpubDemoTests.m */; };
		EDFACFC022293EE10059E2C4 /* YHEpubDemoUITests.m in Sources */ = {isa = PBXBuildFile; fileRef = EDFACFBF22293EE10059E2C4 /* YHEpubDemoUITests.m */; };
/* End PBXBuildFile section */

/* Begin PBXContainerItemProxy section */
		EDFACFB122293EE10059E2C4 /* PBXContainerItemProxy */ = {
			isa = PBXContainerItemProxy;
			containerPortal = EDFACF8D22293EDF0059E2C4 /* Project object */;
			proxyType = 1;
			remoteGlobalIDString = EDFACF9422293EDF0059E2C4;
			remoteInfo = YHEpubDemo;
		};
		EDFACFBC22293EE10059E2C4 /* PBXContainerItemProxy */ = {
			isa = PBXContainerItemProxy;
			containerPortal = EDFACF8D22293EDF0059E2C4 /* Project object */;
			proxyType = 1;
			remoteGlobalIDString = EDFACF9422293EDF0059E2C4;
			remoteInfo = YHEpubDemo;
		};
/* End PBXContainerItemProxy section */

/* Begin PBXFileReference section */
		EDFACF9522293EDF0059E2C4 /* YHEpubDemo.app */ = {isa = PBXFileReference; explicitFileType = wrapper.application; includeInIndex = 0; path = YHEpubDemo.app; sourceTree = BUILT_PRODUCTS_DIR; };
		EDFACF9822293EDF0059E2C4 /* AppDelegate.h */ = {isa = PBXFileReference; lastKnownFileType = sourcecode.c.h; path = AppDelegate.h; sourceTree = "<group>"; };
		EDFACF9922293EDF0059E2C4 /* AppDelegate.m */ = {isa = PBXFileReference; lastKnownFileType = sourcecode.c.objc; path = AppDelegate.m; sourceTree = "<group>"; };
		EDFACF9B22293EDF0059E2C4 /* ViewController.h */ = {isa = PBXFileReference; lastKnownFileType = sourcecode.c.h; path = ViewController.h; sourceTree = "<group>"; };
		EDFACF9C22293EDF0059E2C4 /* ViewController.m */ = {isa = PBXFileReference; lastKnownFileType = sourcecode.c.objc; path = ViewController.m; sourceTree = "<group>"; };
		EDFACF9F22293EDF0059E2C4 /* Base */ = {isa = PBXFileReference; lastKnownFileType = file.storyboard; name = Base; path = Base.lproj/Main.storyboard; sourceTree = "<group>"; };
		EDFACFA222293EDF0059E2C4 /* YHEpubDemo.xcdatamodel */ = {isa = PBXFileReference; lastKnownFileType = wrapper.xcdatamodel; path = YHEpubDemo.xcdatamodel; sourceTree = "<group>"; };
		EDFACFA422293EE00059E2C4 /* Assets.xcassets */ = {isa = PBXFileReference; lastKnownFileType = folder.assetcatalog; path = Assets.xcassets; sourceTree = "<group>"; };
		EDFACFA722293EE10059E2C4 /* Base */ = {isa = PBXFileReference; lastKnownFileType = file.storyboard; name = Base; path = Base.lproj/LaunchScreen.storyboard; sourceTree = "<group>"; };
		EDFACFA922293EE10059E2C4 /* Info.plist */ = {isa = PBXFileReference; lastKnownFileType = text.plist.xml; path = Info.plist; sourceTree = "<group>"; };
		EDFACFAA22293EE10059E2C4 /* main.m */ = {isa = PBXFileReference; lastKnownFileType = sourcecode.c.objc; path = main.m; sourceTree = "<group>"; };
		EDFACFB022293EE10059E2C4 /* YHEpubDemoTests.xctest */ = {isa = PBXFileReference; explicitFileType = wrapper.cfbundle; includeInIndex = 0; path = YHEpubDemoTests.xctest; sourceTree = BUILT_PRODUCTS_DIR; };
		EDFACFB422293EE10059E2C4 /* YHEpubDemoTests.m */ = {isa = PBXFileReference; lastKnownFileType = sourcecode.c.objc; path = YHEpubDemoTests.m; sourceTree = "<group>"; };
		EDFACFB622293EE10059E2C4 /* Info.plist */ = {isa = PBXFileReference; lastKnownFileType = text.plist.xml; path = Info.plist; sourceTree = "<group>"; };
		EDFACFBB22293EE10059E2C4 /* YHEpubDemoUITests.xctest */ = {isa = PBXFileReference; explicitFileType = wrapper.cfbundle; includeInIndex = 0; path = YHEpubDemoUITests.xctest; sourceTree = BUILT_PRODUCTS_DIR; };
		EDFACFBF22293EE10059E2C4 /* YHEpubDemoUITests.m */ = {isa = PBXFileReference; lastKnownFileType = sourcecode.c.objc; path = YHEpubDemoUITests.m; sourceTree = "<group>"; };
		EDFACFC122293EE10059E2C4 /* Info.plist */ = {isa = PBXFileReference; lastKnownFileType = text.plist.xml; path = Info.plist; sourceTree = "<group>"; };
/* End PBXFileReference section */

/* Begin PBXFrameworksBuildPhase section */
		EDFACF9222293EDF0059E2C4 /* Frameworks */ = {
			isa = PBXFrameworksBuildPhase;
			buildActionMask = 2147483647;
			files = (
			);
			runOnlyForDeploymentPostprocessing = 0;
		};
		EDFACFAD22293EE10059E2C4 /* Frameworks */ = {
			isa = PBXFrameworksBuildPhase;
			buildActionMask = 2147483647;
			files = (
			);
			runOnlyForDeploymentPostprocessing = 0;
		};
		EDFACFB822293EE10059E2C4 /* Frameworks */ = {
			isa = PBXFrameworksBuildPhase;
			buildActionMask = 2147483647;
			files = (
			);
			runOnlyForDeploymentPostprocessing = 0;
		};
/* End PBXFrameworksBuildPhase section */

/* Begin PBXGroup section */
		EDFACF8C22293EDF0059E2C4 = {
			isa = PBXGroup;
			children = (
				EDFACF9722293EDF0059E2C4 /* YHEpubDemo */,
				EDFACFB322293EE10059E2C4 /* YHEpubDemoTests */,
				EDFACFBE22293EE10059E2C4 /* YHEpubDemoUITests */,
				EDFACF9622293EDF0059E2C4 /* Products */,
			);
			sourceTree = "<group>";
		};
		EDFACF9622293EDF0059E2C4 /* Products */ = {
			isa = PBXGroup;
			children = (
				EDFACF9522293EDF0059E2C4 /* YHEpubDemo.app */,
				EDFACFB022293EE10059E2C4 /* YHEpubDemoTests.xctest */,
				EDFACFBB22293EE10059E2C4 /* YHEpubDemoUITests.xctest */,
			);
			name = Products;
			sourceTree = "<group>";
		};
		EDFACF9722293EDF0059E2C4 /* YHEpubDemo */ = {
			isa = PBXGroup;
			children = (
				EDFACF9822293EDF0059E2C4 /* AppDelegate.h */,
				EDFACF9922293EDF0059E2C4 /* AppDelegate.m */,
				EDFACF9B22293EDF0059E2C4 /* ViewController.h */,
				EDFACF9C22293EDF0059E2C4 /* ViewController.m */,
				EDFACF9E22293EDF0059E2C4 /* Main.storyboard */,
				EDFACFA422293EE00059E2C4 /* Assets.xcassets */,
				EDFACFA622293EE10059E2C4 /* LaunchScreen.storyboard */,
				EDFACFA922293EE10059E2C4 /* Info.plist */,
				EDFACFAA22293EE10059E2C4 /* main.m */,
				EDFACFA122293EDF0059E2C4 /* YHEpubDemo.xcdatamodeld */,
			);
			path = YHEpubDemo;
			sourceTree = "<group>";
		};
		EDFACFB322293EE10059E2C4 /* YHEpubDemoTests */ = {
			isa = PBXGroup;
			children = (
				EDFACFB422293EE10059E2C4 /* YHEpubDemoTests.m */,
				EDFACFB622293EE10059E2C4 /* Info.plist */,
			);
			path = YHEpubDemoTests;
			sourceTree = "<group>";
		};
		EDFACFBE22293EE10059E2C4 /* YHEpubDemoUITests */ = {
			isa = PBXGroup;
			children = (
				EDFACFBF22293EE10059E2C4 /* YHEpubDemoUITests.m */,
				EDFACFC122293EE10059E2C4 /* Info.plist */,
			);
			path = YHEpubDemoUITests;
			sourceTree = "<group>";
		};
/* End PBXGroup section */

/* Begin PBXNativeTarget section */
		EDFACF9422293EDF0059E2C4 /* YHEpubDemo */ = {
			isa = PBXNativeTarget;
			buildConfigurationList = EDFACFC422293EE10059E2C4 /* Build configuration list for PBXNativeTarget "YHEpubDemo" */;
			buildPhases = (
				EDFACF9122293EDF0059E2C4 /* Sources */,
				EDFACF9222293EDF0059E2C4 /* Frameworks */,
				EDFACF9322293EDF0059E2C4 /* Resources */,
			);
			buildRules = (
			);
			dependencies = (
			);
			name = YHEpubDemo;
			productName = YHEpubDemo;
			productReference = EDFACF9522293EDF0059E2C4 /* YHEpubDemo.app */;
			productType = "com.apple.product-type.application";
		};
		EDFACFAF22293EE10059E2C4 /* YHEpubDemoTests */ = {
			isa = PBXNativeTarget;
			buildConfigurationList = EDFACFC722293EE10059E2C4 /* Build configuration list for PBXNativeTarget "YHEpubDemoTests" */;
			buildPhases = (
				EDFACFAC22293EE10059E2C4 /* Sources */,
				EDFACFAD22293EE10059E2C4 /* Frameworks */,
				EDFACFAE22293EE10059E2C4 /* Resources */,
			);
			buildRules = (
			);
			dependencies = (
				EDFACFB222293EE10059E2C4 /* PBXTargetDependency */,
			);
			name = YHEpubDemoTests;
			productName = YHEpubDemoTests;
			productReference = EDFACFB022293EE10059E2C4 /* YHEpubDemoTests.xctest */;
			productType = "com.apple.product-type.bundle.unit-test";
		};
		EDFACFBA22293EE10059E2C4 /* YHEpubDemoUITests */ = {
			isa = PBXNativeTarget;
			buildConfigurationList = EDFACFCA22293EE10059E2C4 /* Build configuration list for PBXNativeTarget "YHEpubDemoUITests" */;
			buildPhases = (
				EDFACFB722293EE10059E2C4 /* Sources */,
				EDFACFB822293EE10059E2C4 /* Frameworks */,
				EDFACFB922293EE10059E2C4 /* Resources */,
			);
			buildRules = (
			);
			dependencies = (
				EDFACFBD22293EE10059E2C4 /* PBXTargetDependency */,
			);
			name = YHEpubDemoUITests;
			productName = YHEpubDemoUITests;
			productReference = EDFACFBB22293EE10059E2C4 /* YHEpubDemoUITests.xctest */;
			productType = "com.apple.product-type.bundle.ui-testing";
		};
/* End PBXNativeTarget section */

/* Begin PBXProject section */
		EDFACF8D22293EDF0059E2C4 /* Project object */ = {
			isa = PBXProject;
			attributes = {
				LastUpgradeCheck = 1010;
				ORGANIZATIONNAME = survivorsfyh;
				TargetAttributes = {
					EDFACF9422293EDF0059E2C4 = {
						CreatedOnToolsVersion = 10.1;
					};
					EDFACFAF22293EE10059E2C4 = {
						CreatedOnToolsVersion = 10.1;
						TestTargetID = EDFACF9422293EDF0059E2C4;
					};
					EDFACFBA22293EE10059E2C4 = {
						CreatedOnToolsVersion = 10.1;
						TestTargetID = EDFACF9422293EDF0059E2C4;
					};
				};
			};
			buildConfigurationList = EDFACF9022293EDF0059E2C4 /* Build configuration list for PBXProject "YHEpubDemo" */;
			compatibilityVersion = "Xcode 9.3";
			developmentRegion = en;
			hasScannedForEncodings = 0;
			knownRegions = (
				en,
				Base,
			);
			mainGroup = EDFACF8C22293EDF0059E2C4;
			productRefGroup = EDFACF9622293EDF0059E2C4 /* Products */;
			projectDirPath = "";
			projectRoot = "";
			targets = (
				EDFACF9422293EDF0059E2C4 /* YHEpubDemo */,
				EDFACFAF22293EE10059E2C4 /* YHEpubDemoTests */,
				EDFACFBA22293EE10059E2C4 /* YHEpubDemoUITests */,
			);
		};
/* End PBXProject section */

/* Begin PBXResourcesBuildPhase section */
		EDFACF9322293EDF0059E2C4 /* Resources */ = {
			isa = PBXResourcesBuildPhase;
			buildActionMask = 2147483647;
			files = (
				EDFACFA822293EE10059E2C4 /* LaunchScreen.storyboard in Resources */,
				EDFACFA522293EE00059E2C4 /* Assets.xcassets in Resources */,
				EDFACFA022293EDF0059E2C4 /* Main.storyboard in Resources */,
			);
			runOnlyForDeploymentPostprocessing = 0;
		};
		EDFACFAE22293EE10059E2C4 /* Resources */ = {
			isa = PBXResourcesBuildPhase;
			buildActionMask = 2147483647;
			files = (
			);
			runOnlyForDeploymentPostprocessing = 0;
		};
		EDFACFB922293EE10059E2C4 /* Resources */ = {
			isa = PBXResourcesBuildPhase;
			buildActionMask = 2147483647;
			files = (
			);
			runOnlyForDeploymentPostprocessing = 0;
		};
/* End PBXResourcesBuildPhase section */

/* Begin PBXSourcesBuildPhase section */
		EDFACF9122293EDF0059E2C4 /* Sources */ = {
			isa = PBXSourcesBuildPhase;
			buildActionMask = 2147483647;
			files = (
				EDFACF9D22293EDF0059E2C4 /* ViewController.m in Sources */,
				EDFACF9A22293EDF0059E2C4 /* AppDelegate.m in Sources */,
				EDFACFAB22293EE10059E2C4 /* main.m in Sources */,
				EDFACFA322293EDF0059E2C4 /* YHEpubDemo.xcdatamodeld in Sources */,
			);
			runOnlyForDeploymentPostprocessing = 0;
		};
		EDFACFAC22293EE10059E2C4 /* Sources */ = {
			isa = PBXSourcesBuildPhase;
			buildActionMask = 2147483647;
			files = (
				EDFACFB522293EE10059E2C4 /* YHEpubDemoTests.m in Sources */,
			);
			runOnlyForDeploymentPostprocessing = 0;
		};
		EDFACFB722293EE10059E2C4 /* Sources */ = {
			isa = PBXSourcesBuildPhase;
			buildActionMask = 2147483647;
			files = (
				EDFACFC022293EE10059E2C4 /* YHEpubDemoUITests.m in Sources */,
			);
			runOnlyForDeploymentPostprocessing = 0;
		};
/* End PBXSourcesBuildPhase section */

/* Begin PBXTargetDependency section */
		EDFACFB222293EE10059E2C4 /* PBXTargetDependency */ = {
			isa = PBXTargetDependency;
			target = EDFACF9422293EDF0059E2C4 /* YHEpubDemo */;
			targetProxy = EDFACFB122293EE10059E2C4 /* PBXContainerItemProxy */;
		};
		EDFACFBD22293EE10059E2C4 /* PBXTargetDependency */ = {
			isa = PBXTargetDependency;
			target = EDFACF9422293EDF0059E2C4 /* YHEpubDemo */;
			targetProxy = EDFACFBC22293EE10059E2C4 /* PBXContainerItemProxy */;
		};
/* End PBXTargetDependency section */

/* Begin PBXVariantGroup section */
		EDFACF9E22293EDF0059E2C4 /* Main.storyboard */ = {
			isa = PBXVariantGroup;
			children = (
				EDFACF9F22293EDF0059E2C4 /* Base */,
			);
			name = Main.storyboard;
			sourceTree = "<group>";
		};
		EDFACFA622293EE10059E2C4 /* LaunchScreen.storyboard */ = {
			isa = PBXVariantGroup;
			children = (
				EDFACFA722293EE10059E2C4 /* Base */,
			);
			name = LaunchScreen.storyboard;
			sourceTree = "<group>";
		};
/* End PBXVariantGroup section */

/* Begin XCBuildConfiguration section */
		EDFACFC222293EE10059E2C4 /* Debug */ = {
			isa = XCBuildConfiguration;
			buildSettings = {
				ALWAYS_SEARCH_USER_PATHS = NO;
				CLANG_ANALYZER_NONNULL = YES;
				CLANG_ANALYZER_NUMBER_OBJECT_CONVERSION = YES_AGGRESSIVE;
				CLANG_CXX_LANGUAGE_STANDARD = "gnu++14";
				CLANG_CXX_LIBRARY = "libc++";
				CLANG_ENABLE_MODULES = YES;
				CLANG_ENABLE_OBJC_ARC = YES;
				CLANG_ENABLE_OBJC_WEAK = YES;
				CLANG_WARN_BLOCK_CAPTURE_AUTORELEASING = YES;
				CLANG_WARN_BOOL_CONVERSION = YES;
				CLANG_WARN_COMMA = YES;
				CLANG_WARN_CONSTANT_CONVERSION = YES;
				CLANG_WARN_DEPRECATED_OBJC_IMPLEMENTATIONS = YES;
				CLANG_WARN_DIRECT_OBJC_ISA_USAGE = YES_ERROR;
				CLANG_WARN_DOCUMENTATION_COMMENTS = YES;
				CLANG_WARN_EMPTY_BODY = YES;
				CLANG_WARN_ENUM_CONVERSION = YES;
				CLANG_WARN_INFINITE_RECURSION = YES;
				CLANG_WARN_INT_CONVERSION = YES;
				CLANG_WARN_NON_LITERAL_NULL_CONVERSION = YES;
				CLANG_WARN_OBJC_IMPLICIT_RETAIN_SELF = YES;
				CLANG_WARN_OBJC_LITERAL_CONVERSION = YES;
				CLANG_WARN_OBJC_ROOT_CLASS = YES_ERROR;
				CLANG_WARN_RANGE_LOOP_ANALYSIS = YES;
				CLANG_WARN_STRICT_PROTOTYPES = YES;
				CLANG_WARN_SUSPICIOUS_MOVE = YES;
				CLANG_WARN_UNGUARDED_AVAILABILITY = YES_AGGRESSIVE;
				CLANG_WARN_UNREACHABLE_CODE = YES;
				CLANG_WARN__DUPLICATE_METHOD_MATCH = YES;
				CODE_SIGN_IDENTITY = "iPhone Developer";
				COPY_PHASE_STRIP = NO;
				DEBUG_INFORMATION_FORMAT = dwarf;
				ENABLE_STRICT_OBJC_MSGSEND = YES;
				ENABLE_TESTABILITY = YES;
				GCC_C_LANGUAGE_STANDARD = gnu11;
				GCC_DYNAMIC_NO_PIC = NO;
				GCC_NO_COMMON_BLOCKS = YES;
				GCC_OPTIMIZATION_LEVEL = 0;
				GCC_PREPROCESSOR_DEFINITIONS = (
					"DEBUG=1",
					"$(inherited)",
				);
				GCC_WARN_64_TO_32_BIT_CONVERSION = YES;
				GCC_WARN_ABOUT_RETURN_TYPE = YES_ERROR;
				GCC_WARN_UNDECLARED_SELECTOR = YES;
				GCC_WARN_UNINITIALIZED_AUTOS = YES_AGGRESSIVE;
				GCC_WARN_UNUSED_FUNCTION = YES;
				GCC_WARN_UNUSED_VARIABLE = YES;
				IPHONEOS_DEPLOYMENT_TARGET = 12.1;
				MTL_ENABLE_DEBUG_INFO = INCLUDE_SOURCE;
				MTL_FAST_MATH = YES;
				ONLY_ACTIVE_ARCH = YES;
				SDKROOT = iphoneos;
			};
			name = Debug;
		};
		EDFACFC322293EE10059E2C4 /* Release */ = {
			isa = XCBuildConfiguration;
			buildSettings = {
				ALWAYS_SEARCH_USER_PATHS = NO;
				CLANG_ANALYZER_NONNULL = YES;
				CLANG_ANALYZER_NUMBER_OBJECT_CONVERSION = YES_AGGRESSIVE;
				CLANG_CXX_LANGUAGE_STANDARD = "gnu++14";
				CLANG_CXX_LIBRARY = "libc++";
				CLANG_ENABLE_MODULES = YES;
				CLANG_ENABLE_OBJC_ARC = YES;
				CLANG_ENABLE_OBJC_WEAK = YES;
				CLANG_WARN_BLOCK_CAPTURE_AUTORELEASING = YES;
				CLANG_WARN_BOOL_CONVERSION = YES;
				CLANG_WARN_COMMA = YES;
				CLANG_WARN_CONSTANT_CONVERSION = YES;
				CLANG_WARN_DEPRECATED_OBJC_IMPLEMENTATIONS = YES;
				CLANG_WARN_DIRECT_OBJC_ISA_USAGE = YES_ERROR;
				CLANG_WARN_DOCUMENTATION_COMMENTS = YES;
				CLANG_WARN_EMPTY_BODY = YES;
				CLANG_WARN_ENUM_CONVERSION = YES;
				CLANG_WARN_INFINITE_RECURSION = YES;
				CLANG_WARN_INT_CONVERSION = YES;
				CLANG_WARN_NON_LITERAL_NULL_CONVERSION = YES;
				CLANG_WARN_OBJC_IMPLICIT_RETAIN_SELF = YES;
				CLANG_WARN_OBJC_LITERAL_CONVERSION = YES;
				CLANG_WARN_OBJC_ROOT_CLASS = YES_ERROR;
				CLANG_WARN_RANGE_LOOP_ANALYSIS = YES;
				CLANG_WARN_STRICT_PROTOTYPES = YES;
				CLANG_WARN_SUSPICIOUS_MOVE = YES;
				CLANG_WARN_UNGUARDED_AVAILABILITY = YES_AGGRESSIVE;
				CLANG_WARN_UNREACHABLE_CODE = YES;
				CLANG_WARN__DUPLICATE_METHOD_MATCH = YES;
				CODE_SIGN_IDENTITY = "iPhone Developer";
				COPY_PHASE_STRIP = NO;
				DEBUG_INFORMATION_FORMAT = "dwarf-with-dsym";
				ENABLE_NS_ASSERTIONS = NO;
				ENABLE_STRICT_OBJC_MSGSEND = YES;
				GCC_C_LANGUAGE_STANDARD = gnu11;
				GCC_NO_COMMON_BLOCKS = YES;
				GCC_WARN_64_TO_32_BIT_CONVERSION = YES;
				GCC_WARN_ABOUT_RETURN_TYPE = YES_ERROR;
				GCC_WARN_UNDECLARED_SELECTOR = YES;
				GCC_WARN_UNINITIALIZED_AUTOS = YES_AGGRESSIVE;
				GCC_WARN_UNUSED_FUNCTION = YES;
				GCC_WARN_UNUSED_VARIABLE = YES;
				IPHONEOS_DEPLOYMENT_TARGET = 12.1;
				MTL_ENABLE_DEBUG_INFO = NO;
				MTL_FAST_MATH = YES;
				SDKROOT = iphoneos;
				VALIDATE_PRODUCT = YES;
			};
			name = Release;
		};
		EDFACFC522293EE10059E2C4 /* Debug */ = {
			isa = XCBuildConfiguration;
			buildSettings = {
				ASSETCATALOG_COMPILER_APPICON_NAME = AppIcon;
				CODE_SIGN_STYLE = Automatic;
				INFOPLIST_FILE = YHEpubDemo/Info.plist;
				IPHONEOS_DEPLOYMENT_TARGET = 8.0;
				LD_RUNPATH_SEARCH_PATHS = (
					"$(inherited)",
					"@executable_path/Frameworks",
				);
				PRODUCT_BUNDLE_IDENTIFIER = YHProject.YHEpubDemo;
				PRODUCT_NAME = "$(TARGET_NAME)";
				TARGETED_DEVICE_FAMILY = "1,2";
			};
			name = Debug;
		};
		EDFACFC622293EE10059E2C4 /* Release */ = {
			isa = XCBuildConfiguration;
			buildSettings = {
				ASSETCATALOG_COMPILER_APPICON_NAME = AppIcon;
				CODE_SIGN_STYLE = Automatic;
				INFOPLIST_FILE = YHEpubDemo/Info.plist;
				IPHONEOS_DEPLOYMENT_TARGET = 8.0;
				LD_RUNPATH_SEARCH_PATHS = (
					"$(inherited)",
					"@executable_path/Frameworks",
				);
				PRODUCT_BUNDLE_IDENTIFIER = YHProject.YHEpubDemo;
				PRODUCT_NAME = "$(TARGET_NAME)";
				TARGETED_DEVICE_FAMILY = "1,2";
			};
			name = Release;
		};
		EDFACFC822293EE10059E2C4 /* Debug */ = {
			isa = XCBuildConfiguration;
			buildSettings = {
				BUNDLE_LOADER = "$(TEST_HOST)";
				CODE_SIGN_STYLE = Automatic;
				INFOPLIST_FILE = YHEpubDemoTests/Info.plist;
				LD_RUNPATH_SEARCH_PATHS = (
					"$(inherited)",
					"@executable_path/Frameworks",
					"@loader_path/Frameworks",
				);
				PRODUCT_BUNDLE_IDENTIFIER = YHProject.YHEpubDemoTests;
				PRODUCT_NAME = "$(TARGET_NAME)";
				TARGETED_DEVICE_FAMILY = "1,2";
				TEST_HOST = "$(BUILT_PRODUCTS_DIR)/YHEpubDemo.app/YHEpubDemo";
			};
			name = Debug;
		};
		EDFACFC922293EE10059E2C4 /* Release */ = {
			isa = XCBuildConfiguration;
			buildSettings = {
				BUNDLE_LOADER = "$(TEST_HOST)";
				CODE_SIGN_STYLE = Automatic;
				INFOPLIST_FILE = YHEpubDemoTests/Info.plist;
				LD_RUNPATH_SEARCH_PATHS = (
					"$(inherited)",
					"@executable_path/Frameworks",
					"@loader_path/Frameworks",
				);
				PRODUCT_BUNDLE_IDENTIFIER = YHProject.YHEpubDemoTests;
				PRODUCT_NAME = "$(TARGET_NAME)";
				TARGETED_DEVICE_FAMILY = "1,2";
				TEST_HOST = "$(BUILT_PRODUCTS_DIR)/YHEpubDemo.app/YHEpubDemo";
			};
			name = Release;
		};
		EDFACFCB22293EE10059E2C4 /* Debug */ = {
			isa = XCBuildConfiguration;
			buildSettings = {
				CODE_SIGN_STYLE = Automatic;
				INFOPLIST_FILE = YHEpubDemoUITests/Info.plist;
				LD_RUNPATH_SEARCH_PATHS = (
					"$(inherited)",
					"@executable_path/Frameworks",
					"@loader_path/Frameworks",
				);
				PRODUCT_BUNDLE_IDENTIFIER = YHProject.YHEpubDemoUITests;
				PRODUCT_NAME = "$(TARGET_NAME)";
				TARGETED_DEVICE_FAMILY = "1,2";
				TEST_TARGET_NAME = YHEpubDemo;
			};
			name = Debug;
		};
		EDFACFCC22293EE10059E2C4 /* Release */ = {
			isa = XCBuildConfiguration;
			buildSettings = {
				CODE_SIGN_STYLE = Automatic;
				INFOPLIST_FILE = YHEpubDemoUITests/Info.plist;
				LD_RUNPATH_SEARCH_PATHS = (
					"$(inherited)",
					"@executable_path/Frameworks",
					"@loader_path/Frameworks",
				);
				PRODUCT_BUNDLE_IDENTIFIER = YHProject.YHEpubDemoUITests;
				PRODUCT_NAME = "$(TARGET_NAME)";
				TARGETED_DEVICE_FAMILY = "1,2";
				TEST_TARGET_NAME = YHEpubDemo;
			};
			name = Release;
		};
/* End XCBuildConfiguration section */

/* Begin XCConfigurationList section */
		EDFACF9022293EDF0059E2C4 /* Build configuration list for PBXProject "YHEpubDemo" */ = {
			isa = XCConfigurationList;
			buildConfigurations = (
				EDFACFC222293EE10059E2C4 /* Debug */,
				EDFACFC322293EE10059E2C4 /* Release */,
			);
			defaultConfigurationIsVisible = 0;
			defaultConfigurationName = Release;
		};
		EDFACFC422293EE10059E2C4 /* Build configuration list for PBXNativeTarget "YHEpubDemo" */ = {
			isa = XCConfigurationList;
			buildConfigurations = (
				EDFACFC522293EE10059E2C4 /* Debug */,
				EDFACFC622293EE10059E2C4 /* Release */,
			);
			defaultConfigurationIsVisible = 0;
			defaultConfigurationName = Release;
		};
		EDFACFC722293EE10059E2C4 /* Build configuration list for PBXNativeTarget "YHEpubDemoTests" */ = {
			isa = XCConfigurationList;
			buildConfigurations = (
				EDFACFC822293EE10059E2C4 /* Debug */,
				EDFACFC922293EE10059E2C4 /* Release */,
			);
			defaultConfigurationIsVisible = 0;
			defaultConfigurationName = Release;
		};
		EDFACFCA22293EE10059E2C4 /* Build configuration list for PBXNativeTarget "YHEpubDemoUITests" */ = {
			isa = XCConfigurationList;
			buildConfigurations = (
				EDFACFCB22293EE10059E2C4 /* Debug */,
				EDFACFCC22293EE10059E2C4 /* Release */,
			);
			defaultConfigurationIsVisible = 0;
			defaultConfigurationName = Release;
		};
/* End XCConfigurationList section */

/* Begin XCVersionGroup section */
		EDFACFA122293EDF0059E2C4 /* YHEpubDemo.xcdatamodeld */ = {
			isa = XCVersionGroup;
			children = (
				EDFACFA222293EDF0059E2C4 /* YHEpubDemo.xcdatamodel */,
			);
			currentVersion = EDFACFA222293EDF0059E2C4 /* YHEpubDemo.xcdatamodel */;
			path = YHEpubDemo.xcdatamodeld;
			sourceTree = "<group>";
			versionGroupType = wrapper.xcdatamodel;
		};
/* End XCVersionGroup section */
	};
	rootObject = EDFACF8D22293EDF0059E2C4 /* Project object */;
}
